{
  "version": 4,
  "terraform_version": "0.14.4",
  "serial": 11,
  "lineage": "23c45343-9535-157d-a2ef-81757ac1072c",
  "outputs": {
    "bucket": {
      "value": "dev-705505438149-terraform-state",
      "type": "string"
    },
    "dynamdb": {
      "value": "terraform-lock",
      "type": "string"
    }
  },
  "resources": [
    {
      "mode": "data",
      "type": "aws_caller_identity",
      "name": "current",
      "provider": "provider[\"registry.terraform.io/hashicorp/aws\"]",
      "instances": [
        {
          "schema_version": 0,
          "attributes": {
            "account_id": "705505438149",
            "arn": "arn:aws:iam::705505438149:user/Admin",
            "id": "705505438149",
            "user_id": "AIDAIJCDFVKSQD2VIOTWY"
          },
          "sensitive_attributes": []
        }
      ]
    },
    {
      "mode": "data",
      "type": "aws_iam_policy_document",
      "name": "default",
      "provider": "provider[\"registry.terraform.io/hashicorp/aws\"]",
      "instances": [
        {
          "schema_version": 0,
          "attributes": {
            "id": "1778926256",
            "json": "{\n  \"Version\": \"2012-10-17\",\n  \"Statement\": [\n    {\n      \"Sid\": \"DenyIncorrectEncryptionHeader\",\n      \"Effect\": \"Deny\",\n      \"Action\": \"s3:PutObject\",\n      \"Resource\": \"arn:aws:s3:::dev-705505438149-terraform-state/*\",\n      \"Principal\": \"*\",\n      \"Condition\": {\n        \"StringNotEquals\": {\n          \"s3:x-amz-server-side-encryption\": \"AES256\"\n        }\n      }\n    },\n    {\n      \"Sid\": \"DenyUnEncryptedObjectUploads\",\n      \"Effect\": \"Deny\",\n      \"Action\": \"s3:PutObject\",\n      \"Resource\": \"arn:aws:s3:::dev-705505438149-terraform-state/*\",\n      \"Principal\": \"*\",\n      \"Condition\": {\n        \"Null\": {\n          \"s3:x-amz-server-side-encryption\": \"true\"\n        }\n      }\n    }\n  ]\n}",
            "override_json": null,
            "policy_id": null,
            "source_json": null,
            "statement": [
              {
                "actions": [
                  "s3:PutObject"
                ],
                "condition": [
                  {
                    "test": "StringNotEquals",
                    "values": [
                      "AES256"
                    ],
                    "variable": "s3:x-amz-server-side-encryption"
                  }
                ],
                "effect": "Deny",
                "not_actions": [],
                "not_principals": [],
                "not_resources": [],
                "principals": [
                  {
                    "identifiers": [
                      "*"
                    ],
                    "type": "*"
                  }
                ],
                "resources": [
                  "arn:aws:s3:::dev-705505438149-terraform-state/*"
                ],
                "sid": "DenyIncorrectEncryptionHeader"
              },
              {
                "actions": [
                  "s3:PutObject"
                ],
                "condition": [
                  {
                    "test": "Null",
                    "values": [
                      "true"
                    ],
                    "variable": "s3:x-amz-server-side-encryption"
                  }
                ],
                "effect": "Deny",
                "not_actions": [],
                "not_principals": [],
                "not_resources": [],
                "principals": [
                  {
                    "identifiers": [
                      "*"
                    ],
                    "type": "*"
                  }
                ],
                "resources": [
                  "arn:aws:s3:::dev-705505438149-terraform-state/*"
                ],
                "sid": "DenyUnEncryptedObjectUploads"
              }
            ],
            "version": "2012-10-17"
          },
          "sensitive_attributes": []
        }
      ]
    },
    {
      "mode": "managed",
      "type": "aws_dynamodb_table",
      "name": "this",
      "provider": "provider[\"registry.terraform.io/hashicorp/aws\"]",
      "instances": [
        {
          "schema_version": 1,
          "attributes": {
            "arn": "arn:aws:dynamodb:eu-west-1:705505438149:table/terraform-lock",
            "attribute": [
              {
                "name": "LockID",
                "type": "S"
              }
            ],
            "billing_mode": "PROVISIONED",
            "global_secondary_index": [],
            "hash_key": "LockID",
            "id": "terraform-lock",
            "local_secondary_index": [],
            "name": "terraform-lock",
            "point_in_time_recovery": [
              {
                "enabled": false
              }
            ],
            "range_key": null,
            "read_capacity": 1,
            "replica": [],
            "server_side_encryption": [],
            "stream_arn": "",
            "stream_enabled": false,
            "stream_label": "",
            "stream_view_type": "",
            "tags": {
              "account": "705505438149",
              "environment": "dev"
            },
            "timeouts": null,
            "ttl": [
              {
                "attribute_name": "",
                "enabled": false
              }
            ],
            "write_capacity": 1
          },
          "sensitive_attributes": [],
          "private": "eyJlMmJmYjczMC1lY2FhLTExZTYtOGY4OC0zNDM2M2JjN2M0YzAiOnsiY3JlYXRlIjo2MDAwMDAwMDAwMDAsImRlbGV0ZSI6NjAwMDAwMDAwMDAwLCJ1cGRhdGUiOjM2MDAwMDAwMDAwMDB9LCJzY2hlbWFfdmVyc2lvbiI6IjEifQ==",
          "dependencies": [
            "data.aws_caller_identity.current"
          ]
        }
      ]
    },
    {
      "mode": "managed",
      "type": "aws_s3_bucket",
      "name": "this",
      "provider": "provider[\"registry.terraform.io/hashicorp/aws\"]",
      "instances": [
        {
          "schema_version": 0,
          "attributes": {
            "acceleration_status": "",
            "acl": "private",
            "arn": "arn:aws:s3:::dev-705505438149-terraform-state",
            "bucket": "dev-705505438149-terraform-state",
            "bucket_domain_name": "dev-705505438149-terraform-state.s3.amazonaws.com",
            "bucket_prefix": null,
            "bucket_regional_domain_name": "dev-705505438149-terraform-state.s3.eu-west-1.amazonaws.com",
            "cors_rule": [],
            "force_destroy": false,
            "grant": [],
            "hosted_zone_id": "Z1BKCTXD74EZPE",
            "id": "dev-705505438149-terraform-state",
            "lifecycle_rule": [],
            "logging": [],
            "object_lock_configuration": [],
            "policy": null,
            "region": "eu-west-1",
            "replication_configuration": [],
            "request_payer": "BucketOwner",
            "server_side_encryption_configuration": [
              {
                "rule": [
                  {
                    "apply_server_side_encryption_by_default": [
                      {
                        "kms_master_key_id": "",
                        "sse_algorithm": "AES256"
                      }
                    ]
                  }
                ]
              }
            ],
            "tags": {
              "account": "705505438149",
              "environment": "dev"
            },
            "versioning": [
              {
                "enabled": true,
                "mfa_delete": false
              }
            ],
            "website": [],
            "website_domain": null,
            "website_endpoint": null
          },
          "sensitive_attributes": [],
          "private": "bnVsbA==",
          "dependencies": [
            "data.aws_caller_identity.current"
          ]
        }
      ]
    },
    {
      "mode": "managed",
      "type": "aws_s3_bucket_policy",
      "name": "this",
      "provider": "provider[\"registry.terraform.io/hashicorp/aws\"]",
      "instances": [
        {
          "schema_version": 0,
          "attributes": {
            "bucket": "dev-705505438149-terraform-state",
            "id": "dev-705505438149-terraform-state",
            "policy": "{\n  \"Version\": \"2012-10-17\",\n  \"Statement\": [\n    {\n      \"Sid\": \"DenyIncorrectEncryptionHeader\",\n      \"Effect\": \"Deny\",\n      \"Action\": \"s3:PutObject\",\n      \"Resource\": \"arn:aws:s3:::dev-705505438149-terraform-state/*\",\n      \"Principal\": \"*\",\n      \"Condition\": {\n        \"StringNotEquals\": {\n          \"s3:x-amz-server-side-encryption\": \"AES256\"\n        }\n      }\n    },\n    {\n      \"Sid\": \"DenyUnEncryptedObjectUploads\",\n      \"Effect\": \"Deny\",\n      \"Action\": \"s3:PutObject\",\n      \"Resource\": \"arn:aws:s3:::dev-705505438149-terraform-state/*\",\n      \"Principal\": \"*\",\n      \"Condition\": {\n        \"Null\": {\n          \"s3:x-amz-server-side-encryption\": \"true\"\n        }\n      }\n    }\n  ]\n}"
          },
          "sensitive_attributes": [],
          "private": "bnVsbA==",
          "dependencies": [
            "aws_s3_bucket.this",
            "data.aws_iam_policy_document.default"
          ]
        }
      ]
    },
    {
      "mode": "managed",
      "type": "aws_s3_bucket_public_access_block",
      "name": "this",
      "provider": "provider[\"registry.terraform.io/hashicorp/aws\"]",
      "instances": [
        {
          "schema_version": 0,
          "attributes": {
            "block_public_acls": true,
            "block_public_policy": true,
            "bucket": "dev-705505438149-terraform-state",
            "id": "dev-705505438149-terraform-state",
            "ignore_public_acls": false,
            "restrict_public_buckets": false
          },
          "sensitive_attributes": [],
          "private": "bnVsbA==",
          "dependencies": [
            "aws_s3_bucket.this",
            "aws_s3_bucket_policy.this",
            "data.aws_iam_policy_document.default"
          ]
        }
      ]
    }
  ]
}
